// !$*UTF8*$!
{
	archiveVersion = 1;
	classes = {
	};
	objectVersion = 77;
	objects = {

/* Begin PBXBuildFile section */
		1EBC97922D8DE336004E212F /* RealityKitContent in Frameworks */ = {isa = PBXBuildFile; productRef = 1EBC97912D8DE336004E212F /* RealityKitContent */; };
/* End PBXBuildFile section */

/* Begin PBXContainerItemProxy section */
		1EBC97A22D8DE337004E212F /* PBXContainerItemProxy */ = {
			isa = PBXContainerItemProxy;
			containerPortal = 1EBC97842D8DE335004E212F /* Project object */;
			proxyType = 1;
			remoteGlobalIDString = 1EBC978B2D8DE335004E212F;
			remoteInfo = ToDoListVisionApp;
		};
/* End PBXContainerItemProxy section */

/* Begin PBXFileReference section */
		1EBC978C2D8DE335004E212F /* ToDoListVisionApp.app */ = {isa = PBXFileReference; explicitFileType = wrapper.application; includeInIndex = 0; path = ToDoListVisionApp.app; sourceTree = BUILT_PRODUCTS_DIR; };
		1EBC97902D8DE336004E212F /* RealityKitContent */ = {isa = PBXFileReference; lastKnownFileType = wrapper; path = RealityKitContent; sourceTree = "<group>"; };
		1EBC97A12D8DE337004E212F /* ToDoListVisionAppTests.xctest */ = {isa = PBXFileReference; explicitFileType = wrapper.cfbundle; includeInIndex = 0; path = ToDoListVisionAppTests.xctest; sourceTree = BUILT_PRODUCTS_DIR; };
/* End PBXFileReference section */

/* Begin PBXFileSystemSynchronizedBuildFileExceptionSet section */
		1EBC97A72D8DE337004E212F /* Exceptions for "ToDoListVisionApp" folder in "ToDoListVisionApp" target */ = {
			isa = PBXFileSystemSynchronizedBuildFileExceptionSet;
			membershipExceptions = (
				Info.plist,
			);
			target = 1EBC978B2D8DE335004E212F /* ToDoListVisionApp */;
		};
/* End PBXFileSystemSynchronizedBuildFileExceptionSet section */

/* Begin PBXFileSystemSynchronizedRootGroup section */
		1EBC978E2D8DE335004E212F /* ToDoListVisionApp */ = {
			isa = PBXFileSystemSynchronizedRootGroup;
			exceptions = (
				1EBC97A72D8DE337004E212F /* Exceptions for "ToDoListVisionApp" folder in "ToDoListVisionApp" target */,
			);
			path = ToDoListVisionApp;
			sourceTree = "<group>";
		};
		1EBC97A42D8DE337004E212F /* ToDoListVisionAppTests */ = {
			isa = PBXFileSystemSynchronizedRootGroup;
			path = ToDoListVisionAppTests;
			sourceTree = "<group>";
		};
/* End PBXFileSystemSynchronizedRootGroup section */

/* Begin PBXFrameworksBuildPhase section */
		1EBC97892D8DE335004E212F /* Frameworks */ = {
			isa = PBXFrameworksBuildPhase;
			buildActionMask = 2147483647;
			files = (
				1EBC97922D8DE336004E212F /* RealityKitContent in Frameworks */,
			);
			runOnlyForDeploymentPostprocessing = 0;
		};
		1EBC979E2D8DE337004E212F /* Frameworks */ = {
			isa = PBXFrameworksBuildPhase;
			buildActionMask = 2147483647;
			files = (
			);
			runOnlyForDeploymentPostprocessing = 0;
		};
/* End PBXFrameworksBuildPhase section */

/* Begin PBXGroup section */
		1EBC97832D8DE335004E212F = {
			isa = PBXGroup;
			children = (
				1EBC978E2D8DE335004E212F /* ToDoListVisionApp */,
				1EBC978F2D8DE336004E212F /* Packages */,
				1EBC97A42D8DE337004E212F /* ToDoListVisionAppTests */,
				1EBC978D2D8DE335004E212F /* Products */,
			);
			sourceTree = "<group>";
		};
		1EBC978D2D8DE335004E212F /* Products */ = {
			isa = PBXGroup;
			children = (
				1EBC978C2D8DE335004E212F /* ToDoListVisionApp.app */,
				1EBC97A12D8DE337004E212F /* ToDoListVisionAppTests.xctest */,
			);
			name = Products;
			sourceTree = "<group>";
		};
		1EBC978F2D8DE336004E212F /* Packages */ = {
			isa = PBXGroup;
			children = (
				1EBC97902D8DE336004E212F /* RealityKitContent */,
			);
			path = Packages;
			sourceTree = "<group>";
		};
/* End PBXGroup section */

/* Begin PBXNativeTarget section */
		1EBC978B2D8DE335004E212F /* ToDoListVisionApp */ = {
			isa = PBXNativeTarget;
			buildConfigurationList = 1EBC97A82D8DE337004E212F /* Build configuration list for PBXNativeTarget "ToDoListVisionApp" */;
			buildPhases = (
				1EBC97882D8DE335004E212F /* Sources */,
				1EBC97892D8DE335004E212F /* Frameworks */,
				1EBC978A2D8DE335004E212F /* Resources */,
			);
			buildRules = (
			);
			dependencies = (
			);
			fileSystemSynchronizedGroups = (
				1EBC978E2D8DE335004E212F /* ToDoListVisionApp */,
			);
			name = ToDoListVisionApp;
			packageProductDependencies = (
				1EBC97912D8DE336004E212F /* RealityKitContent */,
			);
			productName = ToDoListVisionApp;
			productReference = 1EBC978C2D8DE335004E212F /* ToDoListVisionApp.app */;
			productType = "com.apple.product-type.application";
		};
		1EBC97A02D8DE337004E212F /* ToDoListVisionAppTests */ = {
			isa = PBXNativeTarget;
			buildConfigurationList = 1EBC97AD2D8DE337004E212F /* Build configuration list for PBXNativeTarget "ToDoListVisionAppTests" */;
			buildPhases = (
				1EBC979D2D8DE337004E212F /* Sources */,
				1EBC979E2D8DE337004E212F /* Frameworks */,
				1EBC979F2D8DE337004E212F /* Resources */,
			);
			buildRules = (
			);
			dependencies = (
				1EBC97A32D8DE337004E212F /* PBXTargetDependency */,
			);
			fileSystemSynchronizedGroups = (
				1EBC97A42D8DE337004E212F /* ToDoListVisionAppTests */,
			);
			name = ToDoListVisionAppTests;
			packageProductDependencies = (
			);
			productName = ToDoListVisionAppTests;
			productReference = 1EBC97A12D8DE337004E212F /* ToDoListVisionAppTests.xctest */;
			productType = "com.apple.product-type.bundle.unit-test";
		};
/* End PBXNativeTarget section */

/* Begin PBXProject section */
		1EBC97842D8DE335004E212F /* Project object */ = {
			isa = PBXProject;
			attributes = {
				BuildIndependentTargetsInParallel = 1;
				LastSwiftUpdateCheck = 1620;
				LastUpgradeCheck = 1620;
				TargetAttributes = {
					1EBC978B2D8DE335004E212F = {
						CreatedOnToolsVersion = 16.2;
					};
					1EBC97A02D8DE337004E212F = {
						CreatedOnToolsVersion = 16.2;
						TestTargetID = 1EBC978B2D8DE335004E212F;
					};
				};
			};
			buildConfigurationList = 1EBC97872D8DE335004E212F /* Build configuration list for PBXProject "ToDoListVisionApp" */;
			developmentRegion = en;
			hasScannedForEncodings = 0;
			knownRegions = (
				en,
				Base,
			);
			mainGroup = 1EBC97832D8DE335004E212F;
			minimizedProjectReferenceProxies = 1;
			preferredProjectObjectVersion = 77;
			productRefGroup = 1EBC978D2D8DE335004E212F /* Products */;
			projectDirPath = "";
			projectRoot = "";
			targets = (
				1EBC978B2D8DE335004E212F /* ToDoListVisionApp */,
				1EBC97A02D8DE337004E212F /* ToDoListVisionAppTests */,
			);
		};
/* End PBXProject section */

/* Begin PBXResourcesBuildPhase section */
		1EBC978A2D8DE335004E212F /* Resources */ = {
			isa = PBXResourcesBuildPhase;
			buildActionMask = 2147483647;
			files = (
			);
			runOnlyForDeploymentPostprocessing = 0;
		};
		1EBC979F2D8DE337004E212F /* Resources */ = {
			isa = PBXResourcesBuildPhase;
			buildActionMask = 2147483647;
			files = (
			);
			runOnlyForDeploymentPostprocessing = 0;
		};
/* End PBXResourcesBuildPhase section */

/* Begin PBXSourcesBuildPhase section */
		1EBC97882D8DE335004E212F /* Sources */ = {
			isa = PBXSourcesBuildPhase;
			buildActionMask = 2147483647;
			files = (
			);
			runOnlyForDeploymentPostprocessing = 0;
		};
		1EBC979D2D8DE337004E212F /* Sources */ = {
			isa = PBXSourcesBuildPhase;
			buildActionMask = 2147483647;
			files = (
			);
			runOnlyForDeploymentPostprocessing = 0;
		};
/* End PBXSourcesBuildPhase section */

/* Begin PBXTargetDependency section */
		1EBC97A32D8DE337004E212F /* PBXTargetDependency */ = {
			isa = PBXTargetDependency;
			target = 1EBC978B2D8DE335004E212F /* ToDoListVisionApp */;
			targetProxy = 1EBC97A22D8DE337004E212F /* PBXContainerItemProxy */;
		};
/* End PBXTargetDependency section */

/* Begin XCBuildConfiguration section */
		1EBC97A92D8DE337004E212F /* Debug */ = {
			isa = XCBuildConfiguration;
			buildSettings = {
				ASSETCATALOG_COMPILER_APPICON_NAME = AppIcon;
				ASSETCATALOG_COMPILER_GLOBAL_ACCENT_COLOR_NAME = AccentColor;
				CODE_SIGN_STYLE = Automatic;
				CURRENT_PROJECT_VERSION = 1;
				DEVELOPMENT_ASSET_PATHS = "\"ToDoListVisionApp/Preview Content\"";
				DEVELOPMENT_TEAM = 22PRLCDTWD;
				ENABLE_PREVIEWS = YES;
				GENERATE_INFOPLIST_FILE = YES;
				INFOPLIST_FILE = "$(TARGET_NAME)/Info.plist";
				LD_RUNPATH_SEARCH_PATHS = (
					"$(inherited)",
					"@executable_path/Frameworks",
				);
				MARKETING_VERSION = 1.0;
				PRODUCT_BUNDLE_IDENTIFIER = name.davaughnwilliams.ToDoListVisionApp;
				PRODUCT_NAME = "$(TARGET_NAME)";
				SUPPORTED_PLATFORMS = "xros xrsimulator";
				SWIFT_EMIT_LOC_STRINGS = YES;
				SWIFT_VERSION = 5.0;
				TARGETED_DEVICE_FAMILY = 7;
			};
			name = Debug;
		};
		1EBC97AA2D8DE337004E212F /* Release */ = {
			isa = XCBuildConfiguration;
			buildSettings = {
				ASSETCATALOG_COMPILER_APPICON_NAME = AppIcon;
				ASSETCATALOG_COMPILER_GLOBAL_ACCENT_COLOR_NAME = AccentColor;
				CODE_SIGN_STYLE = Automatic;
				CURRENT_PROJECT_VERSION = 1;
				DEVELOPMENT_ASSET_PATHS = "\"ToDoListVisionApp/Preview Content\"";
				DEVELOPMENT_TEAM = 22PRLCDTWD;
				ENABLE_PREVIEWS = YES;
				GENERATE_INFOPLIST_FILE = YES;
				INFOPLIST_FILE = "$(TARGET_NAME)/Info.plist";
				LD_RUNPATH_SEARCH_PATHS = (
					"$(inherited)",
					"@executable_path/Frameworks",
				);
				MARKETING_VERSION = 1.0;
				PRODUCT_BUNDLE_IDENTIFIER = name.davaughnwilliams.ToDoListVisionApp;
				PRODUCT_NAME = "$(TARGET_NAME)";
				SUPPORTED_PLATFORMS = "xros xrsimulator";
				SWIFT_EMIT_LOC_STRINGS = YES;
				SWIFT_VERSION = 5.0;
				TARGETED_DEVICE_FAMILY = 7;
			};
			name = Release;
		};
		1EBC97AB2D8DE337004E212F /* Debug */ = {
			isa = XCBuildConfiguration;
			buildSettings = {
				ALWAYS_SEARCH_USER_PATHS = NO;
				ASSETCATALOG_COMPILER_GENERATE_SWIFT_ASSET_SYMBOL_EXTENSIONS = YES;
				CLANG_ANALYZER_NONNULL = YES;
				CLANG_ANALYZER_NUMBER_OBJECT_CONVERSION = YES_AGGRESSIVE;
				CLANG_CXX_LANGUAGE_STANDARD = "gnu++20";
				CLANG_ENABLE_MODULES = YES;
				CLANG_ENABLE_OBJC_ARC = YES;
				CLANG_ENABLE_OBJC_WEAK = YES;
				CLANG_WARN_BLOCK_CAPTURE_AUTORELEASING = YES;
				CLANG_WARN_BOOL_CONVERSION = YES;
				CLANG_WARN_COMMA = YES;
				CLANG_WARN_CONSTANT_CONVERSION = YES;
				CLANG_WARN_DEPRECATED_OBJC_IMPLEMENTATIONS = YES;
				CLANG_WARN_DIRECT_OBJC_ISA_USAGE = YES_ERROR;
				CLANG_WARN_DOCUMENTATION_COMMENTS = YES;
				CLANG_WARN_EMPTY_BODY = YES;
				CLANG_WARN_ENUM_CONVERSION = YES;
				CLANG_WARN_INFINITE_RECURSION = YES;
				CLANG_WARN_INT_CONVERSION = YES;
				CLANG_WARN_NON_LITERAL_NULL_CONVERSION = YES;
				CLANG_WARN_OBJC_IMPLICIT_RETAIN_SELF = YES;
				CLANG_WARN_OBJC_LITERAL_CONVERSION = YES;
				CLANG_WARN_OBJC_ROOT_CLASS = YES_ERROR;
				CLANG_WARN_QUOTED_INCLUDE_IN_FRAMEWORK_HEADER = YES;
				CLANG_WARN_RANGE_LOOP_ANALYSIS = YES;
				CLANG_WARN_STRICT_PROTOTYPES = YES;
				CLANG_WARN_SUSPICIOUS_MOVE = YES;
				CLANG_WARN_UNGUARDED_AVAILABILITY = YES_AGGRESSIVE;
				CLANG_WARN_UNREACHABLE_CODE = YES;
				CLANG_WARN__DUPLICATE_METHOD_MATCH = YES;
				COPY_PHASE_STRIP = NO;
				DEBUG_INFORMATION_FORMAT = dwarf;
				ENABLE_STRICT_OBJC_MSGSEND = YES;
				ENABLE_TESTABILITY = YES;
				ENABLE_USER_SCRIPT_SANDBOXING = YES;
				GCC_C_LANGUAGE_STANDARD = gnu17;
				GCC_DYNAMIC_NO_PIC = NO;
				GCC_NO_COMMON_BLOCKS = YES;
				GCC_OPTIMIZATION_LEVEL = 0;
				GCC_PREPROCESSOR_DEFINITIONS = (
					"DEBUG=1",
					"$(inherited)",
				);
				GCC_WARN_64_TO_32_BIT_CONVERSION = YES;
				GCC_WARN_ABOUT_RETURN_TYPE = YES_ERROR;
				GCC_WARN_UNDECLARED_SELECTOR = YES;
				GCC_WARN_UNINITIALIZED_AUTOS = YES_AGGRESSIVE;
				GCC_WARN_UNUSED_FUNCTION = YES;
				GCC_WARN_UNUSED_VARIABLE = YES;
				LOCALIZATION_PREFERS_STRING_CATALOGS = YES;
				MTL_ENABLE_DEBUG_INFO = INCLUDE_SOURCE;
				MTL_FAST_MATH = YES;
				ONLY_ACTIVE_ARCH = YES;
				SDKROOT = xros;
				SWIFT_ACTIVE_COMPILATION_CONDITIONS = "DEBUG $(inherited)";
				SWIFT_OPTIMIZATION_LEVEL = "-Onone";
				XROS_DEPLOYMENT_TARGET = 2.2;
			};
			name = Debug;
		};
		1EBC97AC2D8DE337004E212F /* Release */ = {
			isa = XCBuildConfiguration;
			buildSettings = {
				ALWAYS_SEARCH_USER_PATHS = NO;
				ASSETCATALOG_COMPILER_GENERATE_SWIFT_ASSET_SYMBOL_EXTENSIONS = YES;
				CLANG_ANALYZER_NONNULL = YES;
				CLANG_ANALYZER_NUMBER_OBJECT_CONVERSION = YES_AGGRESSIVE;
				CLANG_CXX_LANGUAGE_STANDARD = "gnu++20";
				CLANG_ENABLE_MODULES = YES;
				CLANG_ENABLE_OBJC_ARC = YES;
				CLANG_ENABLE_OBJC_WEAK = YES;
				CLANG_WARN_BLOCK_CAPTURE_AUTORELEASING = YES;
				CLANG_WARN_BOOL_CONVERSION = YES;
				CLANG_WARN_COMMA = YES;
				CLANG_WARN_CONSTANT_CONVERSION = YES;
				CLANG_WARN_DEPRECATED_OBJC_IMPLEMENTATIONS = YES;
				CLANG_WARN_DIRECT_OBJC_ISA_USAGE = YES_ERROR;
				CLANG_WARN_DOCUMENTATION_COMMENTS = YES;
				CLANG_WARN_EMPTY_BODY = YES;
				CLANG_WARN_ENUM_CONVERSION = YES;
				CLANG_WARN_INFINITE_RECURSION = YES;
				CLANG_WARN_INT_CONVERSION = YES;
				CLANG_WARN_NON_LITERAL_NULL_CONVERSION = YES;
				CLANG_WARN_OBJC_IMPLICIT_RETAIN_SELF = YES;
				CLANG_WARN_OBJC_LITERAL_CONVERSION = YES;
				CLANG_WARN_OBJC_ROOT_CLASS = YES_ERROR;
				CLANG_WARN_QUOTED_INCLUDE_IN_FRAMEWORK_HEADER = YES;
				CLANG_WARN_RANGE_LOOP_ANALYSIS = YES;
				CLANG_WARN_STRICT_PROTOTYPES = YES;
				CLANG_WARN_SUSPICIOUS_MOVE = YES;
				CLANG_WARN_UNGUARDED_AVAILABILITY = YES_AGGRESSIVE;
				CLANG_WARN_UNREACHABLE_CODE = YES;
				CLANG_WARN__DUPLICATE_METHOD_MATCH = YES;
				COPY_PHASE_STRIP = NO;
				DEBUG_INFORMATION_FORMAT = "dwarf-with-dsym";
				ENABLE_NS_ASSERTIONS = NO;
				ENABLE_STRICT_OBJC_MSGSEND = YES;
				ENABLE_USER_SCRIPT_SANDBOXING = YES;
				GCC_C_LANGUAGE_STANDARD = gnu17;
				GCC_NO_COMMON_BLOCKS = YES;
				GCC_WARN_64_TO_32_BIT_CONVERSION = YES;
				GCC_WARN_ABOUT_RETURN_TYPE = YES_ERROR;
				GCC_WARN_UNDECLARED_SELECTOR = YES;
				GCC_WARN_UNINITIALIZED_AUTOS = YES_AGGRESSIVE;
				GCC_WARN_UNUSED_FUNCTION = YES;
				GCC_WARN_UNUSED_VARIABLE = YES;
				LOCALIZATION_PREFERS_STRING_CATALOGS = YES;
				MTL_ENABLE_DEBUG_INFO = NO;
				MTL_FAST_MATH = YES;
				SDKROOT = xros;
				SWIFT_COMPILATION_MODE = wholemodule;
				VALIDATE_PRODUCT = YES;
				XROS_DEPLOYMENT_TARGET = 2.2;
			};
			name = Release;
		};
		1EBC97AE2D8DE337004E212F /* Debug */ = {
			isa = XCBuildConfiguration;
			buildSettings = {
				BUNDLE_LOADER = "$(TEST_HOST)";
				CODE_SIGN_STYLE = Automatic;
				CURRENT_PROJECT_VERSION = 1;
				DEVELOPMENT_TEAM = 22PRLCDTWD;
				GENERATE_INFOPLIST_FILE = YES;
				MARKETING_VERSION = 1.0;
				PRODUCT_BUNDLE_IDENTIFIER = name.davaughnwilliams.ToDoListVisionAppTests;
				PRODUCT_NAME = "$(TARGET_NAME)";
				SUPPORTED_PLATFORMS = "xros xrsimulator";
				SWIFT_EMIT_LOC_STRINGS = NO;
				SWIFT_VERSION = 5.0;
				TARGETED_DEVICE_FAMILY = 7;
				TEST_HOST = "$(BUILT_PRODUCTS_DIR)/ToDoListVisionApp.app/$(BUNDLE_EXECUTABLE_FOLDER_PATH)/ToDoListVisionApp";
				XROS_DEPLOYMENT_TARGET = 2.2;
			};
			name = Debug;
		};
		1EBC97AF2D8DE337004E212F /* Release */ = {
			isa = XCBuildConfiguration;
			buildSettings = {
				BUNDLE_LOADER = "$(TEST_HOST)";
				CODE_SIGN_STYLE = Automatic;
				CURRENT_PROJECT_VERSION = 1;
				DEVELOPMENT_TEAM = 22PRLCDTWD;
				GENERATE_INFOPLIST_FILE = YES;
				MARKETING_VERSION = 1.0;
				PRODUCT_BUNDLE_IDENTIFIER = name.davaughnwilliams.ToDoListVisionAppTests;
				PRODUCT_NAME = "$(TARGET_NAME)";
				SUPPORTED_PLATFORMS = "xros xrsimulator";
				SWIFT_EMIT_LOC_STRINGS = NO;
				SWIFT_VERSION = 5.0;
				TARGETED_DEVICE_FAMILY = 7;
				TEST_HOST = "$(BUILT_PRODUCTS_DIR)/ToDoListVisionApp.app/$(BUNDLE_EXECUTABLE_FOLDER_PATH)/ToDoListVisionApp";
				XROS_DEPLOYMENT_TARGET = 2.2;
			};
			name = Release;
		};
/* End XCBuildConfiguration section */

/* Begin XCConfigurationList section */
		1EBC97872D8DE335004E212F /* Build configuration list for PBXProject "ToDoListVisionApp" */ = {
			isa = XCConfigurationList;
			buildConfigurations = (
				1EBC97AB2D8DE337004E212F /* Debug */,
				1EBC97AC2D8DE337004E212F /* Release */,
			);
			defaultConfigurationIsVisible = 0;
			defaultConfigurationName = Release;
		};
		1EBC97A82D8DE337004E212F /* Build configuration list for PBXNativeTarget "ToDoListVisionApp" */ = {
			isa = XCConfigurationList;
			buildConfigurations = (
				1EBC97A92D8DE337004E212F /* Debug */,
				1EBC97AA2D8DE337004E212F /* Release */,
			);
			defaultConfigurationIsVisible = 0;
			defaultConfigurationName = Release;
		};
		1EBC97AD2D8DE337004E212F /* Build configuration list for PBXNativeTarget "ToDoListVisionAppTests" */ = {
			isa = XCConfigurationList;
			buildConfigurations = (
				1EBC97AE2D8DE337004E212F /* Debug */,
				1EBC97AF2D8DE337004E212F /* Release */,
			);
			defaultConfigurationIsVisible = 0;
			defaultConfigurationName = Release;
		};
/* End XCConfigurationList section */

/* Begin XCSwiftPackageProductDependency section */
		1EBC97912D8DE336004E212F /* RealityKitContent */ = {
			isa = XCSwiftPackageProductDependency;
			productName = RealityKitContent;
		};
/* End XCSwiftPackageProductDependency section */
	};
	rootObject = 1EBC97842D8DE335004E212F /* Project object */;
}
